
Microsoft Visual Studio Solution File, Format Version 12.00
# Visual Studio Version 16
VisualStudioVersion = 16.0.31829.152
MinimumVisualStudioVersion = 10.0.40219.1
Project("{FAE04EC0-301F-11D3-BF4B-00C04F79EFBC}") = "WebApplication1", "WebApplication1.csproj", "{A382D076-8957-45F8-B226-07F2D1554641}"
EndProject
Global
	GlobalSection(SolutionConfigurationPlatforms) = preSolution
		Debug|Any CPU = Debug|Any CPU
		Release|Any CPU = Release|Any CPU
	EndGlobalSection
	GlobalSection(ProjectConfigurationPlatforms) = postSolution
		{A382D076-8957-45F8-B226-07F2D1554641}.Debug|Any CPU.ActiveCfg = Debug|Any CPU
		{A382D076-8957-45F8-B226-07F2D1554641}.Debug|Any CPU.Build.0 = Debug|Any CPU
		{A382D076-8957-45F8-B226-07F2D1554641}.Release|Any CPU.ActiveCfg = Release|Any CPU
		{A382D076-8957-45F8-B226-07F2D1554641}.Release|Any CPU.Build.0 = Release|Any CPU
	EndGlobalSection
	GlobalSection(SolutionProperties) = preSolution
		HideSolutionNode = FALSE
	EndGlobalSection
	GlobalSection(ExtensibilityGlobals) = postSolution
		SolutionGuid = {D053A0B3-E18F-4D8B-9A70-0EBF91EE1C18}
	EndGlobalSection
EndGlobal
