
Microsoft Visual Studio Solution File, Format Version 12.00
# Visual Studio Version 16
VisualStudioVersion = 16.0.31829.152
MinimumVisualStudioVersion = 10.0.40219.1
Project("{00D1A9C2-B5F0-4AF3-8072-F6C62B433612}") = "Database1", "Database1.sqlproj", "{8683913B-5B37-412E-914D-5A65D43DB03C}"
EndProject
Global
	GlobalSection(SolutionConfigurationPlatforms) = preSolution
		Debug|Any CPU = Debug|Any CPU
		Release|Any CPU = Release|Any CPU
	EndGlobalSection
	GlobalSection(ProjectConfigurationPlatforms) = postSolution
		{8683913B-5B37-412E-914D-5A65D43DB03C}.Debug|Any CPU.ActiveCfg = Debug|Any CPU
		{8683913B-5B37-412E-914D-5A65D43DB03C}.Debug|Any CPU.Build.0 = Debug|Any CPU
		{8683913B-5B37-412E-914D-5A65D43DB03C}.Debug|Any CPU.Deploy.0 = Debug|Any CPU
		{8683913B-5B37-412E-914D-5A65D43DB03C}.Release|Any CPU.ActiveCfg = Release|Any CPU
		{8683913B-5B37-412E-914D-5A65D43DB03C}.Release|Any CPU.Build.0 = Release|Any CPU
		{8683913B-5B37-412E-914D-5A65D43DB03C}.Release|Any CPU.Deploy.0 = Release|Any CPU
	EndGlobalSection
	GlobalSection(SolutionProperties) = preSolution
		HideSolutionNode = FALSE
	EndGlobalSection
	GlobalSection(ExtensibilityGlobals) = postSolution
		SolutionGuid = {B3DB10CA-9C74-49DE-946D-8CFCF0383E05}
	EndGlobalSection
EndGlobal
